// !$*UTF8*$!
{
	archiveVersion = 1;
	classes = {
	};
	objectVersion = 50;
	objects = {

/* Begin PBXBuildFile section */
		D925E73522ABA13400DE866D /* AppDelegate.swift in Sources */ = {isa = PBXBuildFile; fileRef = D925E73422ABA13400DE866D /* AppDelegate.swift */; };
		D925E73722ABA13400DE866D /* SceneDelegate.swift in Sources */ = {isa = PBXBuildFile; fileRef = D925E73622ABA13400DE866D /* SceneDelegate.swift */; };
		D925E73922ABA13400DE866D /* TweetDetail.swift in Sources */ = {isa = PBXBuildFile; fileRef = D925E73822ABA13400DE866D /* TweetDetail.swift */; };
		D925E73B22ABA13500DE866D /* Assets.xcassets in Resources */ = {isa = PBXBuildFile; fileRef = D925E73A22ABA13500DE866D /* Assets.xcassets */; };
		D925E73E22ABA13500DE866D /* Preview Assets.xcassets in Resources */ = {isa = PBXBuildFile; fileRef = D925E73D22ABA13500DE866D /* Preview Assets.xcassets */; };
		D925E74122ABA13500DE866D /* LaunchScreen.storyboard in Resources */ = {isa = PBXBuildFile; fileRef = D925E73F22ABA13500DE866D /* LaunchScreen.storyboard */; };
		D925E74C22ABA13500DE866D /* TwitterCloneTests.swift in Sources */ = {isa = PBXBuildFile; fileRef = D925E74B22ABA13500DE866D /* TwitterCloneTests.swift */; };
		D925E75722ABA13500DE866D /* TwitterCloneUITests.swift in Sources */ = {isa = PBXBuildFile; fileRef = D925E75622ABA13500DE866D /* TwitterCloneUITests.swift */; };
		D925E76622ABA19F00DE866D /* Tweet.swift in Sources */ = {isa = PBXBuildFile; fileRef = D925E76522ABA19F00DE866D /* Tweet.swift */; };
		D925E76822ABA26700DE866D /* User.swift in Sources */ = {isa = PBXBuildFile; fileRef = D925E76722ABA26700DE866D /* User.swift */; };
		D925E76A22ABA30400DE866D /* Data.swift in Sources */ = {isa = PBXBuildFile; fileRef = D925E76922ABA30400DE866D /* Data.swift */; };
		D925E76F22ABA61A00DE866D /* avatar.jpg in Resources */ = {isa = PBXBuildFile; fileRef = D925E76D22ABA61A00DE866D /* avatar.jpg */; };
		D925E77022ABA61A00DE866D /* story.jpg in Resources */ = {isa = PBXBuildFile; fileRef = D925E76E22ABA61A00DE866D /* story.jpg */; };
		D925E77322ABA84800DE866D /* CircleImage.swift in Sources */ = {isa = PBXBuildFile; fileRef = D925E77222ABA84800DE866D /* CircleImage.swift */; };
		D925E77522ABA9D800DE866D /* tweets.json in Resources */ = {isa = PBXBuildFile; fileRef = D925E76C22ABA47000DE866D /* tweets.json */; };
		D925E77722ABAA5300DE866D /* UserData.swift in Sources */ = {isa = PBXBuildFile; fileRef = D925E77622ABAA5300DE866D /* UserData.swift */; };
		D925E77922ABAE5100DE866D /* TweetImage.swift in Sources */ = {isa = PBXBuildFile; fileRef = D925E77822ABAE5100DE866D /* TweetImage.swift */; };
		D9A81AF422ABC03B00FF1754 /* UserView.swift in Sources */ = {isa = PBXBuildFile; fileRef = D9A81AF322ABC03B00FF1754 /* UserView.swift */; };
		D9A81AF622ABC04600FF1754 /* TweetView.swift in Sources */ = {isa = PBXBuildFile; fileRef = D9A81AF522ABC04600FF1754 /* TweetView.swift */; };
/* End PBXBuildFile section */

/* Begin PBXContainerItemProxy section */
		D925E74822ABA13500DE866D /* PBXContainerItemProxy */ = {
			isa = PBXContainerItemProxy;
			containerPortal = D925E72922ABA13400DE866D /* Project object */;
			proxyType = 1;
			remoteGlobalIDString = D925E73022ABA13400DE866D;
			remoteInfo = TwitterClone;
		};
		D925E75322ABA13500DE866D /* PBXContainerItemProxy */ = {
			isa = PBXContainerItemProxy;
			containerPortal = D925E72922ABA13400DE866D /* Project object */;
			proxyType = 1;
			remoteGlobalIDString = D925E73022ABA13400DE866D;
			remoteInfo = TwitterClone;
		};
/* End PBXContainerItemProxy section */

/* Begin PBXFileReference section */
		D925E73122ABA13400DE866D /* TwitterClone.app */ = {isa = PBXFileReference; explicitFileType = wrapper.application; includeInIndex = 0; path = TwitterClone.app; sourceTree = BUILT_PRODUCTS_DIR; };
		D925E73422ABA13400DE866D /* AppDelegate.swift */ = {isa = PBXFileReference; lastKnownFileType = sourcecode.swift; path = AppDelegate.swift; sourceTree = "<group>"; };
		D925E73622ABA13400DE866D /* SceneDelegate.swift */ = {isa = PBXFileReference; lastKnownFileType = sourcecode.swift; path = SceneDelegate.swift; sourceTree = "<group>"; };
		D925E73822ABA13400DE866D /* TweetDetail.swift */ = {isa = PBXFileReference; lastKnownFileType = sourcecode.swift; path = TweetDetail.swift; sourceTree = "<group>"; };
		D925E73A22ABA13500DE866D /* Assets.xcassets */ = {isa = PBXFileReference; lastKnownFileType = folder.assetcatalog; path = Assets.xcassets; sourceTree = "<group>"; };
		D925E73D22ABA13500DE866D /* Preview Assets.xcassets */ = {isa = PBXFileReference; lastKnownFileType = folder.assetcatalog; path = "Preview Assets.xcassets"; sourceTree = "<group>"; };
		D925E74022ABA13500DE866D /* Base */ = {isa = PBXFileReference; lastKnownFileType = file.storyboard; name = Base; path = Base.lproj/LaunchScreen.storyboard; sourceTree = "<group>"; };
		D925E74222ABA13500DE866D /* Info.plist */ = {isa = PBXFileReference; lastKnownFileType = text.plist.xml; path = Info.plist; sourceTree = "<group>"; };
		D925E74722ABA13500DE866D /* TwitterCloneTests.xctest */ = {isa = PBXFileReference; explicitFileType = wrapper.cfbundle; includeInIndex = 0; path = TwitterCloneTests.xctest; sourceTree = BUILT_PRODUCTS_DIR; };
		D925E74B22ABA13500DE866D /* TwitterCloneTests.swift */ = {isa = PBXFileReference; lastKnownFileType = sourcecode.swift; path = TwitterCloneTests.swift; sourceTree = "<group>"; };
		D925E74D22ABA13500DE866D /* Info.plist */ = {isa = PBXFileReference; lastKnownFileType = text.plist.xml; path = Info.plist; sourceTree = "<group>"; };
		D925E75222ABA13500DE866D /* TwitterCloneUITests.xctest */ = {isa = PBXFileReference; explicitFileType = wrapper.cfbundle; includeInIndex = 0; path = TwitterCloneUITests.xctest; sourceTree = BUILT_PRODUCTS_DIR; };
		D925E75622ABA13500DE866D /* TwitterCloneUITests.swift */ = {isa = PBXFileReference; lastKnownFileType = sourcecode.swift; path = TwitterCloneUITests.swift; sourceTree = "<group>"; };
		D925E75822ABA13500DE866D /* Info.plist */ = {isa = PBXFileReference; lastKnownFileType = text.plist.xml; path = Info.plist; sourceTree = "<group>"; };
		D925E76522ABA19F00DE866D /* Tweet.swift */ = {isa = PBXFileReference; lastKnownFileType = sourcecode.swift; path = Tweet.swift; sourceTree = "<group>"; };
		D925E76722ABA26700DE866D /* User.swift */ = {isa = PBXFileReference; lastKnownFileType = sourcecode.swift; path = User.swift; sourceTree = "<group>"; };
		D925E76922ABA30400DE866D /* Data.swift */ = {isa = PBXFileReference; lastKnownFileType = sourcecode.swift; path = Data.swift; sourceTree = "<group>"; };
		D925E76C22ABA47000DE866D /* tweets.json */ = {isa = PBXFileReference; fileEncoding = 4; lastKnownFileType = text.json; path = tweets.json; sourceTree = "<group>"; };
		D925E76D22ABA61A00DE866D /* avatar.jpg */ = {isa = PBXFileReference; lastKnownFileType = image.jpeg; name = avatar.jpg; path = ../../../../Downloads/avatar.jpg; sourceTree = "<group>"; };
		D925E76E22ABA61A00DE866D /* story.jpg */ = {isa = PBXFileReference; lastKnownFileType = image.jpeg; name = story.jpg; path = ../../../../Downloads/story.jpg; sourceTree = "<group>"; };
		D925E77222ABA84800DE866D /* CircleImage.swift */ = {isa = PBXFileReference; lastKnownFileType = sourcecode.swift; path = CircleImage.swift; sourceTree = "<group>"; };
		D925E77622ABAA5300DE866D /* UserData.swift */ = {isa = PBXFileReference; lastKnownFileType = sourcecode.swift; path = UserData.swift; sourceTree = "<group>"; };
		D925E77822ABAE5100DE866D /* TweetImage.swift */ = {isa = PBXFileReference; lastKnownFileType = sourcecode.swift; path = TweetImage.swift; sourceTree = "<group>"; };
		D9A81AF322ABC03B00FF1754 /* UserView.swift */ = {isa = PBXFileReference; lastKnownFileType = sourcecode.swift; path = UserView.swift; sourceTree = "<group>"; };
		D9A81AF522ABC04600FF1754 /* TweetView.swift */ = {isa = PBXFileReference; lastKnownFileType = sourcecode.swift; path = TweetView.swift; sourceTree = "<group>"; };
/* End PBXFileReference section */

/* Begin PBXFrameworksBuildPhase section */
		D925E72E22ABA13400DE866D /* Frameworks */ = {
			isa = PBXFrameworksBuildPhase;
			buildActionMask = 2147483647;
			files = (
			);
			runOnlyForDeploymentPostprocessing = 0;
		};
		D925E74422ABA13500DE866D /* Frameworks */ = {
			isa = PBXFrameworksBuildPhase;
			buildActionMask = 2147483647;
			files = (
			);
			runOnlyForDeploymentPostprocessing = 0;
		};
		D925E74F22ABA13500DE866D /* Frameworks */ = {
			isa = PBXFrameworksBuildPhase;
			buildActionMask = 2147483647;
			files = (
			);
			runOnlyForDeploymentPostprocessing = 0;
		};
/* End PBXFrameworksBuildPhase section */

/* Begin PBXGroup section */
		D925E72822ABA13400DE866D = {
			isa = PBXGroup;
			children = (
				D925E73322ABA13400DE866D /* TwitterClone */,
				D925E74A22ABA13500DE866D /* TwitterCloneTests */,
				D925E75522ABA13500DE866D /* TwitterCloneUITests */,
				D925E73222ABA13400DE866D /* Products */,
			);
			sourceTree = "<group>";
		};
		D925E73222ABA13400DE866D /* Products */ = {
			isa = PBXGroup;
			children = (
				D925E73122ABA13400DE866D /* TwitterClone.app */,
				D925E74722ABA13500DE866D /* TwitterCloneTests.xctest */,
				D925E75222ABA13500DE866D /* TwitterCloneUITests.xctest */,
			);
			name = Products;
			sourceTree = "<group>";
		};
		D925E73322ABA13400DE866D /* TwitterClone */ = {
			isa = PBXGroup;
			children = (
				D925E77122ABA83000DE866D /* Supporting Views */,
				D925E76B22ABA43C00DE866D /* Resources */,
				D925E76422ABA17800DE866D /* Models */,
				D925E73422ABA13400DE866D /* AppDelegate.swift */,
				D925E73622ABA13400DE866D /* SceneDelegate.swift */,
				D925E73822ABA13400DE866D /* TweetDetail.swift */,
				D9A81AF222ABC01600FF1754 /* TweetDetailItems */,
				D925E73A22ABA13500DE866D /* Assets.xcassets */,
				D925E73F22ABA13500DE866D /* LaunchScreen.storyboard */,
				D925E74222ABA13500DE866D /* Info.plist */,
				D925E73C22ABA13500DE866D /* Preview Content */,
			);
			path = TwitterClone;
			sourceTree = "<group>";
		};
		D925E73C22ABA13500DE866D /* Preview Content */ = {
			isa = PBXGroup;
			children = (
				D925E73D22ABA13500DE866D /* Preview Assets.xcassets */,
			);
			path = "Preview Content";
			sourceTree = "<group>";
		};
		D925E74A22ABA13500DE866D /* TwitterCloneTests */ = {
			isa = PBXGroup;
			children = (
				D925E74B22ABA13500DE866D /* TwitterCloneTests.swift */,
				D925E74D22ABA13500DE866D /* Info.plist */,
			);
			path = TwitterCloneTests;
			sourceTree = "<group>";
		};
		D925E75522ABA13500DE866D /* TwitterCloneUITests */ = {
			isa = PBXGroup;
			children = (
				D925E75622ABA13500DE866D /* TwitterCloneUITests.swift */,
				D925E75822ABA13500DE866D /* Info.plist */,
			);
			path = TwitterCloneUITests;
			sourceTree = "<group>";
		};
		D925E76422ABA17800DE866D /* Models */ = {
			isa = PBXGroup;
			children = (
				D925E76522ABA19F00DE866D /* Tweet.swift */,
				D925E76722ABA26700DE866D /* User.swift */,
				D925E76922ABA30400DE866D /* Data.swift */,
				D925E77622ABAA5300DE866D /* UserData.swift */,
			);
			path = Models;
			sourceTree = "<group>";
		};
		D925E76B22ABA43C00DE866D /* Resources */ = {
			isa = PBXGroup;
			children = (
				D925E76D22ABA61A00DE866D /* avatar.jpg */,
				D925E76E22ABA61A00DE866D /* story.jpg */,
				D925E76C22ABA47000DE866D /* tweets.json */,
			);
			path = Resources;
			sourceTree = "<group>";
		};
		D925E77122ABA83000DE866D /* Supporting Views */ = {
			isa = PBXGroup;
			children = (
				D925E77222ABA84800DE866D /* CircleImage.swift */,
				D925E77822ABAE5100DE866D /* TweetImage.swift */,
			);
			path = "Supporting Views";
			sourceTree = "<group>";
		};
		D9A81AF222ABC01600FF1754 /* TweetDetailItems */ = {
			isa = PBXGroup;
			children = (
				D9A81AF322ABC03B00FF1754 /* UserView.swift */,
				D9A81AF522ABC04600FF1754 /* TweetView.swift */,
			);
			path = TweetDetailItems;
			sourceTree = "<group>";
		};
/* End PBXGroup section */

/* Begin PBXNativeTarget section */
		D925E73022ABA13400DE866D /* TwitterClone */ = {
			isa = PBXNativeTarget;
			buildConfigurationList = D925E75B22ABA13500DE866D /* Build configuration list for PBXNativeTarget "TwitterClone" */;
			buildPhases = (
				D925E72D22ABA13400DE866D /* Sources */,
				D925E72E22ABA13400DE866D /* Frameworks */,
				D925E72F22ABA13400DE866D /* Resources */,
			);
			buildRules = (
			);
			dependencies = (
			);
			name = TwitterClone;
			productName = TwitterClone;
			productReference = D925E73122ABA13400DE866D /* TwitterClone.app */;
			productType = "com.apple.product-type.application";
		};
		D925E74622ABA13500DE866D /* TwitterCloneTests */ = {
			isa = PBXNativeTarget;
			buildConfigurationList = D925E75E22ABA13500DE866D /* Build configuration list for PBXNativeTarget "TwitterCloneTests" */;
			buildPhases = (
				D925E74322ABA13500DE866D /* Sources */,
				D925E74422ABA13500DE866D /* Frameworks */,
				D925E74522ABA13500DE866D /* Resources */,
			);
			buildRules = (
			);
			dependencies = (
				D925E74922ABA13500DE866D /* PBXTargetDependency */,
			);
			name = TwitterCloneTests;
			productName = TwitterCloneTests;
			productReference = D925E74722ABA13500DE866D /* TwitterCloneTests.xctest */;
			productType = "com.apple.product-type.bundle.unit-test";
		};
		D925E75122ABA13500DE866D /* TwitterCloneUITests */ = {
			isa = PBXNativeTarget;
			buildConfigurationList = D925E76122ABA13500DE866D /* Build configuration list for PBXNativeTarget "TwitterCloneUITests" */;
			buildPhases = (
				D925E74E22ABA13500DE866D /* Sources */,
				D925E74F22ABA13500DE866D /* Frameworks */,
				D925E75022ABA13500DE866D /* Resources */,
			);
			buildRules = (
			);
			dependencies = (
				D925E75422ABA13500DE866D /* PBXTargetDependency */,
			);
			name = TwitterCloneUITests;
			productName = TwitterCloneUITests;
			productReference = D925E75222ABA13500DE866D /* TwitterCloneUITests.xctest */;
			productType = "com.apple.product-type.bundle.ui-testing";
		};
/* End PBXNativeTarget section */

/* Begin PBXProject section */
		D925E72922ABA13400DE866D /* Project object */ = {
			isa = PBXProject;
			attributes = {
				LastSwiftUpdateCheck = 1100;
				LastUpgradeCheck = 1100;
				ORGANIZATIONNAME = "Masato TSUTSUMI";
				TargetAttributes = {
					D925E73022ABA13400DE866D = {
						CreatedOnToolsVersion = 11.0;
					};
					D925E74622ABA13500DE866D = {
						CreatedOnToolsVersion = 11.0;
						TestTargetID = D925E73022ABA13400DE866D;
					};
					D925E75122ABA13500DE866D = {
						CreatedOnToolsVersion = 11.0;
						TestTargetID = D925E73022ABA13400DE866D;
					};
				};
			};
			buildConfigurationList = D925E72C22ABA13400DE866D /* Build configuration list for PBXProject "TwitterClone" */;
			compatibilityVersion = "Xcode 9.3";
			developmentRegion = en;
			hasScannedForEncodings = 0;
			knownRegions = (
				en,
				Base,
			);
			mainGroup = D925E72822ABA13400DE866D;
			productRefGroup = D925E73222ABA13400DE866D /* Products */;
			projectDirPath = "";
			projectRoot = "";
			targets = (
				D925E73022ABA13400DE866D /* TwitterClone */,
				D925E74622ABA13500DE866D /* TwitterCloneTests */,
				D925E75122ABA13500DE866D /* TwitterCloneUITests */,
			);
		};
/* End PBXProject section */

/* Begin PBXResourcesBuildPhase section */
		D925E72F22ABA13400DE866D /* Resources */ = {
			isa = PBXResourcesBuildPhase;
			buildActionMask = 2147483647;
			files = (
				D925E76F22ABA61A00DE866D /* avatar.jpg in Resources */,
				D925E77522ABA9D800DE866D /* tweets.json in Resources */,
				D925E74122ABA13500DE866D /* LaunchScreen.storyboard in Resources */,
				D925E77022ABA61A00DE866D /* story.jpg in Resources */,
				D925E73E22ABA13500DE866D /* Preview Assets.xcassets in Resources */,
				D925E73B22ABA13500DE866D /* Assets.xcassets in Resources */,
			);
			runOnlyForDeploymentPostprocessing = 0;
		};
		D925E74522ABA13500DE866D /* Resources */ = {
			isa = PBXResourcesBuildPhase;
			buildActionMask = 2147483647;
			files = (
			);
			runOnlyForDeploymentPostprocessing = 0;
		};
		D925E75022ABA13500DE866D /* Resources */ = {
			isa = PBXResourcesBuildPhase;
			buildActionMask = 2147483647;
			files = (
			);
			runOnlyForDeploymentPostprocessing = 0;
		};
/* End PBXResourcesBuildPhase section */

/* Begin PBXSourcesBuildPhase section */
		D925E72D22ABA13400DE866D /* Sources */ = {
			isa = PBXSourcesBuildPhase;
			buildActionMask = 2147483647;
			files = (
				D925E73522ABA13400DE866D /* AppDelegate.swift in Sources */,
				D925E77922ABAE5100DE866D /* TweetImage.swift in Sources */,
				D925E76A22ABA30400DE866D /* Data.swift in Sources */,
				D925E77722ABAA5300DE866D /* UserData.swift in Sources */,
				D925E73722ABA13400DE866D /* SceneDelegate.swift in Sources */,
				D925E76622ABA19F00DE866D /* Tweet.swift in Sources */,
				D9A81AF622ABC04600FF1754 /* TweetView.swift in Sources */,
				D925E76822ABA26700DE866D /* User.swift in Sources */,
				D9A81AF422ABC03B00FF1754 /* UserView.swift in Sources */,
				D925E77322ABA84800DE866D /* CircleImage.swift in Sources */,
				D925E73922ABA13400DE866D /* TweetDetail.swift in Sources */,
			);
			runOnlyForDeploymentPostprocessing = 0;
		};
		D925E74322ABA13500DE866D /* Sources */ = {
			isa = PBXSourcesBuildPhase;
			buildActionMask = 2147483647;
			files = (
				D925E74C22ABA13500DE866D /* TwitterCloneTests.swift in Sources */,
			);
			runOnlyForDeploymentPostprocessing = 0;
		};
		D925E74E22ABA13500DE866D /* Sources */ = {
			isa = PBXSourcesBuildPhase;
			buildActionMask = 2147483647;
			files = (
				D925E75722ABA13500DE866D /* TwitterCloneUITests.swift in Sources */,
			);
			runOnlyForDeploymentPostprocessing = 0;
		};
/* End PBXSourcesBuildPhase section */

/* Begin PBXTargetDependency section */
		D925E74922ABA13500DE866D /* PBXTargetDependency */ = {
			isa = PBXTargetDependency;
			target = D925E73022ABA13400DE866D /* TwitterClone */;
			targetProxy = D925E74822ABA13500DE866D /* PBXContainerItemProxy */;
		};
		D925E75422ABA13500DE866D /* PBXTargetDependency */ = {
			isa = PBXTargetDependency;
			target = D925E73022ABA13400DE866D /* TwitterClone */;
			targetProxy = D925E75322ABA13500DE866D /* PBXContainerItemProxy */;
		};
/* End PBXTargetDependency section */

/* Begin PBXVariantGroup section */
		D925E73F22ABA13500DE866D /* LaunchScreen.storyboard */ = {
			isa = PBXVariantGroup;
			children = (
				D925E74022ABA13500DE866D /* Base */,
			);
			name = LaunchScreen.storyboard;
			sourceTree = "<group>";
		};
/* End PBXVariantGroup section */

/* Begin XCBuildConfiguration section */
		D925E75922ABA13500DE866D /* Debug */ = {
			isa = XCBuildConfiguration;
			buildSettings = {
				ALWAYS_SEARCH_USER_PATHS = NO;
				CLANG_ANALYZER_NONNULL = YES;
				CLANG_ANALYZER_NUMBER_OBJECT_CONVERSION = YES_AGGRESSIVE;
				CLANG_CXX_LANGUAGE_STANDARD = "gnu++14";
				CLANG_CXX_LIBRARY = "libc++";
				CLANG_ENABLE_MODULES = YES;
				CLANG_ENABLE_OBJC_ARC = YES;
				CLANG_ENABLE_OBJC_WEAK = YES;
				CLANG_WARN_BLOCK_CAPTURE_AUTORELEASING = YES;
				CLANG_WARN_BOOL_CONVERSION = YES;
				CLANG_WARN_COMMA = YES;
				CLANG_WARN_CONSTANT_CONVERSION = YES;
				CLANG_WARN_DEPRECATED_OBJC_IMPLEMENTATIONS = YES;
				CLANG_WARN_DIRECT_OBJC_ISA_USAGE = YES_ERROR;
				CLANG_WARN_DOCUMENTATION_COMMENTS = YES;
				CLANG_WARN_EMPTY_BODY = YES;
				CLANG_WARN_ENUM_CONVERSION = YES;
				CLANG_WARN_INFINITE_RECURSION = YES;
				CLANG_WARN_INT_CONVERSION = YES;
				CLANG_WARN_NON_LITERAL_NULL_CONVERSION = YES;
				CLANG_WARN_OBJC_IMPLICIT_RETAIN_SELF = YES;
				CLANG_WARN_OBJC_LITERAL_CONVERSION = YES;
				CLANG_WARN_OBJC_ROOT_CLASS = YES_ERROR;
				CLANG_WARN_RANGE_LOOP_ANALYSIS = YES;
				CLANG_WARN_STRICT_PROTOTYPES = YES;
				CLANG_WARN_SUSPICIOUS_MOVE = YES;
				CLANG_WARN_UNGUARDED_AVAILABILITY = YES_AGGRESSIVE;
				CLANG_WARN_UNREACHABLE_CODE = YES;
				CLANG_WARN__DUPLICATE_METHOD_MATCH = YES;
				COPY_PHASE_STRIP = NO;
				DEBUG_INFORMATION_FORMAT = dwarf;
				ENABLE_STRICT_OBJC_MSGSEND = YES;
				ENABLE_TESTABILITY = YES;
				GCC_C_LANGUAGE_STANDARD = gnu11;
				GCC_DYNAMIC_NO_PIC = NO;
				GCC_NO_COMMON_BLOCKS = YES;
				GCC_OPTIMIZATION_LEVEL = 0;
				GCC_PREPROCESSOR_DEFINITIONS = (
					"DEBUG=1",
					"$(inherited)",
				);
				GCC_WARN_64_TO_32_BIT_CONVERSION = YES;
				GCC_WARN_ABOUT_RETURN_TYPE = YES_ERROR;
				GCC_WARN_UNDECLARED_SELECTOR = YES;
				GCC_WARN_UNINITIALIZED_AUTOS = YES_AGGRESSIVE;
				GCC_WARN_UNUSED_FUNCTION = YES;
				GCC_WARN_UNUSED_VARIABLE = YES;
				IPHONEOS_DEPLOYMENT_TARGET = 13.0;
				MTL_ENABLE_DEBUG_INFO = INCLUDE_SOURCE;
				MTL_FAST_MATH = YES;
				ONLY_ACTIVE_ARCH = YES;
				SDKROOT = iphoneos;
				SWIFT_ACTIVE_COMPILATION_CONDITIONS = DEBUG;
				SWIFT_OPTIMIZATION_LEVEL = "-Onone";
			};
			name = Debug;
		};
		D925E75A22ABA13500DE866D /* Release */ = {
			isa = XCBuildConfiguration;
			buildSettings = {
				ALWAYS_SEARCH_USER_PATHS = NO;
				CLANG_ANALYZER_NONNULL = YES;
				CLANG_ANALYZER_NUMBER_OBJECT_CONVERSION = YES_AGGRESSIVE;
				CLANG_CXX_LANGUAGE_STANDARD = "gnu++14";
				CLANG_CXX_LIBRARY = "libc++";
				CLANG_ENABLE_MODULES = YES;
				CLANG_ENABLE_OBJC_ARC = YES;
				CLANG_ENABLE_OBJC_WEAK = YES;
				CLANG_WARN_BLOCK_CAPTURE_AUTORELEASING = YES;
				CLANG_WARN_BOOL_CONVERSION = YES;
				CLANG_WARN_COMMA = YES;
				CLANG_WARN_CONSTANT_CONVERSION = YES;
				CLANG_WARN_DEPRECATED_OBJC_IMPLEMENTATIONS = YES;
				CLANG_WARN_DIRECT_OBJC_ISA_USAGE = YES_ERROR;
				CLANG_WARN_DOCUMENTATION_COMMENTS = YES;
				CLANG_WARN_EMPTY_BODY = YES;
				CLANG_WARN_ENUM_CONVERSION = YES;
				CLANG_WARN_INFINITE_RECURSION = YES;
				CLANG_WARN_INT_CONVERSION = YES;
				CLANG_WARN_NON_LITERAL_NULL_CONVERSION = YES;
				CLANG_WARN_OBJC_IMPLICIT_RETAIN_SELF = YES;
				CLANG_WARN_OBJC_LITERAL_CONVERSION = YES;
				CLANG_WARN_OBJC_ROOT_CLASS = YES_ERROR;
				CLANG_WARN_RANGE_LOOP_ANALYSIS = YES;
				CLANG_WARN_STRICT_PROTOTYPES = YES;
				CLANG_WARN_SUSPICIOUS_MOVE = YES;
				CLANG_WARN_UNGUARDED_AVAILABILITY = YES_AGGRESSIVE;
				CLANG_WARN_UNREACHABLE_CODE = YES;
				CLANG_WARN__DUPLICATE_METHOD_MATCH = YES;
				COPY_PHASE_STRIP = NO;
				DEBUG_INFORMATION_FORMAT = "dwarf-with-dsym";
				ENABLE_NS_ASSERTIONS = NO;
				ENABLE_STRICT_OBJC_MSGSEND = YES;
				GCC_C_LANGUAGE_STANDARD = gnu11;
				GCC_NO_COMMON_BLOCKS = YES;
				GCC_WARN_64_TO_32_BIT_CONVERSION = YES;
				GCC_WARN_ABOUT_RETURN_TYPE = YES_ERROR;
				GCC_WARN_UNDECLARED_SELECTOR = YES;
				GCC_WARN_UNINITIALIZED_AUTOS = YES_AGGRESSIVE;
				GCC_WARN_UNUSED_FUNCTION = YES;
				GCC_WARN_UNUSED_VARIABLE = YES;
				IPHONEOS_DEPLOYMENT_TARGET = 13.0;
				MTL_ENABLE_DEBUG_INFO = NO;
				MTL_FAST_MATH = YES;
				SDKROOT = iphoneos;
				SWIFT_COMPILATION_MODE = wholemodule;
				SWIFT_OPTIMIZATION_LEVEL = "-O";
				VALIDATE_PRODUCT = YES;
			};
			name = Release;
		};
		D925E75C22ABA13500DE866D /* Debug */ = {
			isa = XCBuildConfiguration;
			buildSettings = {
				ASSETCATALOG_COMPILER_APPICON_NAME = AppIcon;
				CODE_SIGN_STYLE = Automatic;
				DEVELOPMENT_ASSET_PATHS = "TwitterClone/Preview\\ Content";
				ENABLE_PREVIEWS = YES;
				INFOPLIST_FILE = TwitterClone/Info.plist;
				LD_RUNPATH_SEARCH_PATHS = (
					"$(inherited)",
					"@executable_path/Frameworks",
				);
				PRODUCT_BUNDLE_IDENTIFIER = masatsch.TwitterClone;
				PRODUCT_NAME = "$(TARGET_NAME)";
				SWIFT_VERSION = 5.0;
				TARGETED_DEVICE_FAMILY = "1,2";
			};
			name = Debug;
		};
		D925E75D22ABA13500DE866D /* Release */ = {
			isa = XCBuildConfiguration;
			buildSettings = {
				ASSETCATALOG_COMPILER_APPICON_NAME = AppIcon;
				CODE_SIGN_STYLE = Automatic;
				DEVELOPMENT_ASSET_PATHS = "TwitterClone/Preview\\ Content";
				ENABLE_PREVIEWS = YES;
				INFOPLIST_FILE = TwitterClone/Info.plist;
				LD_RUNPATH_SEARCH_PATHS = (
					"$(inherited)",
					"@executable_path/Frameworks",
				);
				PRODUCT_BUNDLE_IDENTIFIER = masatsch.TwitterClone;
				PRODUCT_NAME = "$(TARGET_NAME)";
				SWIFT_VERSION = 5.0;
				TARGETED_DEVICE_FAMILY = "1,2";
			};
			name = Release;
		};
		D925E75F22ABA13500DE866D /* Debug */ = {
			isa = XCBuildConfiguration;
			buildSettings = {
				ALWAYS_EMBED_SWIFT_STANDARD_LIBRARIES = YES;
				BUNDLE_LOADER = "$(TEST_HOST)";
				CODE_SIGN_STYLE = Automatic;
				INFOPLIST_FILE = TwitterCloneTests/Info.plist;
				LD_RUNPATH_SEARCH_PATHS = (
					"$(inherited)",
					"@executable_path/Frameworks",
					"@loader_path/Frameworks",
				);
				PRODUCT_BUNDLE_IDENTIFIER = masatsch.TwitterCloneTests;
				PRODUCT_NAME = "$(TARGET_NAME)";
				SWIFT_VERSION = 5.0;
				TARGETED_DEVICE_FAMILY = "1,2";
				TEST_HOST = "$(BUILT_PRODUCTS_DIR)/TwitterClone.app/TwitterClone";
			};
			name = Debug;
		};
		D925E76022ABA13500DE866D /* Release */ = {
			isa = XCBuildConfiguration;
			buildSettings = {
				ALWAYS_EMBED_SWIFT_STANDARD_LIBRARIES = YES;
				BUNDLE_LOADER = "$(TEST_HOST)";
				CODE_SIGN_STYLE = Automatic;
				INFOPLIST_FILE = TwitterCloneTests/Info.plist;
				LD_RUNPATH_SEARCH_PATHS = (
					"$(inherited)",
					"@executable_path/Frameworks",
					"@loader_path/Frameworks",
				);
				PRODUCT_BUNDLE_IDENTIFIER = masatsch.TwitterCloneTests;
				PRODUCT_NAME = "$(TARGET_NAME)";
				SWIFT_VERSION = 5.0;
				TARGETED_DEVICE_FAMILY = "1,2";
				TEST_HOST = "$(BUILT_PRODUCTS_DIR)/TwitterClone.app/TwitterClone";
			};
			name = Release;
		};
		D925E76222ABA13500DE866D /* Debug */ = {
			isa = XCBuildConfiguration;
			buildSettings = {
				ALWAYS_EMBED_SWIFT_STANDARD_LIBRARIES = YES;
				CODE_SIGN_STYLE = Automatic;
				INFOPLIST_FILE = TwitterCloneUITests/Info.plist;
				LD_RUNPATH_SEARCH_PATHS = (
					"$(inherited)",
					"@executable_path/Frameworks",
					"@loader_path/Frameworks",
				);
				PRODUCT_BUNDLE_IDENTIFIER = masatsch.TwitterCloneUITests;
				PRODUCT_NAME = "$(TARGET_NAME)";
				SWIFT_VERSION = 5.0;
				TARGETED_DEVICE_FAMILY = "1,2";
				TEST_TARGET_NAME = TwitterClone;
			};
			name = Debug;
		};
		D925E76322ABA13500DE866D /* Release */ = {
			isa = XCBuildConfiguration;
			buildSettings = {
				ALWAYS_EMBED_SWIFT_STANDARD_LIBRARIES = YES;
				CODE_SIGN_STYLE = Automatic;
				INFOPLIST_FILE = TwitterCloneUITests/Info.plist;
				LD_RUNPATH_SEARCH_PATHS = (
					"$(inherited)",
					"@executable_path/Frameworks",
					"@loader_path/Frameworks",
				);
				PRODUCT_BUNDLE_IDENTIFIER = masatsch.TwitterCloneUITests;
				PRODUCT_NAME = "$(TARGET_NAME)";
				SWIFT_VERSION = 5.0;
				TARGETED_DEVICE_FAMILY = "1,2";
				TEST_TARGET_NAME = TwitterClone;
			};
			name = Release;
		};
/* End XCBuildConfiguration section */

/* Begin XCConfigurationList section */
		D925E72C22ABA13400DE866D /* Build configuration list for PBXProject "TwitterClone" */ = {
			isa = XCConfigurationList;
			buildConfigurations = (
				D925E75922ABA13500DE866D /* Debug */,
				D925E75A22ABA13500DE866D /* Release */,
			);
			defaultConfigurationIsVisible = 0;
			defaultConfigurationName = Release;
		};
		D925E75B22ABA13500DE866D /* Build configuration list for PBXNativeTarget "TwitterClone" */ = {
			isa = XCConfigurationList;
			buildConfigurations = (
				D925E75C22ABA13500DE866D /* Debug */,
				D925E75D22ABA13500DE866D /* Release */,
			);
			defaultConfigurationIsVisible = 0;
			defaultConfigurationName = Release;
		};
		D925E75E22ABA13500DE866D /* Build configuration list for PBXNativeTarget "TwitterCloneTests" */ = {
			isa = XCConfigurationList;
			buildConfigurations = (
				D925E75F22ABA13500DE866D /* Debug */,
				D925E76022ABA13500DE866D /* Release */,
			);
			defaultConfigurationIsVisible = 0;
			defaultConfigurationName = Release;
		};
		D925E76122ABA13500DE866D /* Build configuration list for PBXNativeTarget "TwitterCloneUITests" */ = {
			isa = XCConfigurationList;
			buildConfigurations = (
				D925E76222ABA13500DE866D /* Debug */,
				D925E76322ABA13500DE866D /* Release */,
			);
			defaultConfigurationIsVisible = 0;
			defaultConfigurationName = Release;
		};
/* End XCConfigurationList section */
	};
	rootObject = D925E72922ABA13400DE866D /* Project object */;
}
