// !$*UTF8*$!
{
	archiveVersion = 1;
	classes = {
	};
	objectVersion = 50;
	objects = {

/* Begin PBXBuildFile section */
		D918CBAB22ACA15E007DFEB5 /* EditItem.swift in Sources */ = {isa = PBXBuildFile; fileRef = D918CBAA22ACA15E007DFEB5 /* EditItem.swift */; };
		D918CBAD22ACAC23007DFEB5 /* Artist.swift in Sources */ = {isa = PBXBuildFile; fileRef = D918CBAC22ACAC23007DFEB5 /* Artist.swift */; };
		D918CBAF22ACADB4007DFEB5 /* Performance.swift in Sources */ = {isa = PBXBuildFile; fileRef = D918CBAE22ACADB4007DFEB5 /* Performance.swift */; };
		D918CBB122ACADCD007DFEB5 /* Location.swift in Sources */ = {isa = PBXBuildFile; fileRef = D918CBB022ACADCD007DFEB5 /* Location.swift */; };
		D918CBB422ACB161007DFEB5 /* Search.swift in Sources */ = {isa = PBXBuildFile; fileRef = D918CBB322ACB161007DFEB5 /* Search.swift */; };
		D918CBB622ACB18E007DFEB5 /* artists.json in Resources */ = {isa = PBXBuildFile; fileRef = D918CBB522ACB180007DFEB5 /* artists.json */; };
		D925E73522ABA13400DE866D /* AppDelegate.swift in Sources */ = {isa = PBXBuildFile; fileRef = D925E73422ABA13400DE866D /* AppDelegate.swift */; };
		D925E73722ABA13400DE866D /* SceneDelegate.swift in Sources */ = {isa = PBXBuildFile; fileRef = D925E73622ABA13400DE866D /* SceneDelegate.swift */; };
		D925E73922ABA13400DE866D /* TweetDetail.swift in Sources */ = {isa = PBXBuildFile; fileRef = D925E73822ABA13400DE866D /* TweetDetail.swift */; };
		D925E73B22ABA13500DE866D /* Assets.xcassets in Resources */ = {isa = PBXBuildFile; fileRef = D925E73A22ABA13500DE866D /* Assets.xcassets */; };
		D925E73E22ABA13500DE866D /* Preview Assets.xcassets in Resources */ = {isa = PBXBuildFile; fileRef = D925E73D22ABA13500DE866D /* Preview Assets.xcassets */; };
		D925E74122ABA13500DE866D /* LaunchScreen.storyboard in Resources */ = {isa = PBXBuildFile; fileRef = D925E73F22ABA13500DE866D /* LaunchScreen.storyboard */; };
		D925E74C22ABA13500DE866D /* TwitterCloneTests.swift in Sources */ = {isa = PBXBuildFile; fileRef = D925E74B22ABA13500DE866D /* TwitterCloneTests.swift */; };
		D925E75722ABA13500DE866D /* TwitterCloneUITests.swift in Sources */ = {isa = PBXBuildFile; fileRef = D925E75622ABA13500DE866D /* TwitterCloneUITests.swift */; };
		D925E76622ABA19F00DE866D /* Tweet.swift in Sources */ = {isa = PBXBuildFile; fileRef = D925E76522ABA19F00DE866D /* Tweet.swift */; };
		D925E76822ABA26700DE866D /* User.swift in Sources */ = {isa = PBXBuildFile; fileRef = D925E76722ABA26700DE866D /* User.swift */; };
		D925E76A22ABA30400DE866D /* Data.swift in Sources */ = {isa = PBXBuildFile; fileRef = D925E76922ABA30400DE866D /* Data.swift */; };
		D925E76F22ABA61A00DE866D /* avatar.jpg in Resources */ = {isa = PBXBuildFile; fileRef = D925E76D22ABA61A00DE866D /* avatar.jpg */; };
		D925E77022ABA61A00DE866D /* story.jpg in Resources */ = {isa = PBXBuildFile; fileRef = D925E76E22ABA61A00DE866D /* story.jpg */; };
		D925E77322ABA84800DE866D /* CircleImage.swift in Sources */ = {isa = PBXBuildFile; fileRef = D925E77222ABA84800DE866D /* CircleImage.swift */; };
		D925E77522ABA9D800DE866D /* tweets.json in Resources */ = {isa = PBXBuildFile; fileRef = D925E76C22ABA47000DE866D /* tweets.json */; };
		D925E77722ABAA5300DE866D /* UserData.swift in Sources */ = {isa = PBXBuildFile; fileRef = D925E77622ABAA5300DE866D /* UserData.swift */; };
		D925E77922ABAE5100DE866D /* TweetImage.swift in Sources */ = {isa = PBXBuildFile; fileRef = D925E77822ABAE5100DE866D /* TweetImage.swift */; };
		D9A81AF422ABC03B00FF1754 /* UserView.swift in Sources */ = {isa = PBXBuildFile; fileRef = D9A81AF322ABC03B00FF1754 /* UserView.swift */; };
		D9A81AF622ABC04600FF1754 /* TweetView.swift in Sources */ = {isa = PBXBuildFile; fileRef = D9A81AF522ABC04600FF1754 /* TweetView.swift */; };
		D9A81AF822ABCCAE00FF1754 /* ActionBar.swift in Sources */ = {isa = PBXBuildFile; fileRef = D9A81AF722ABCCAE00FF1754 /* ActionBar.swift */; };
		D9A81AFA22ABD6BE00FF1754 /* Timeline.swift in Sources */ = {isa = PBXBuildFile; fileRef = D9A81AF922ABD6BE00FF1754 /* Timeline.swift */; };
		D9A81AFC22ABD6D200FF1754 /* TimelineRow.swift in Sources */ = {isa = PBXBuildFile; fileRef = D9A81AFB22ABD6D200FF1754 /* TimelineRow.swift */; };
		D9A81AFE22AC7E7700FF1754 /* TweetButton.swift in Sources */ = {isa = PBXBuildFile; fileRef = D9A81AFD22AC7E7700FF1754 /* TweetButton.swift */; };
		D9A81B0022AC7F2200FF1754 /* TweetItemsView.swift in Sources */ = {isa = PBXBuildFile; fileRef = D9A81AFF22AC7F2200FF1754 /* TweetItemsView.swift */; };
		D9A81B0222AC80A900FF1754 /* CreateTweet.swift in Sources */ = {isa = PBXBuildFile; fileRef = D9A81B0122AC80A900FF1754 /* CreateTweet.swift */; };
		D9A81B0822AC879400FF1754 /* MyPage.swift in Sources */ = {isa = PBXBuildFile; fileRef = D9A81B0722AC879400FF1754 /* MyPage.swift */; };
		D9A81B0A22AC87E800FF1754 /* Account.swift in Sources */ = {isa = PBXBuildFile; fileRef = D9A81B0922AC87E800FF1754 /* Account.swift */; };
		D9A81B0C22AC89C500FF1754 /* account.json in Resources */ = {isa = PBXBuildFile; fileRef = D9A81B0B22AC882400FF1754 /* account.json */; };
		D9A81B0F22AC8AC500FF1754 /* BackgroundView.swift in Sources */ = {isa = PBXBuildFile; fileRef = D9A81B0E22AC8AC500FF1754 /* BackgroundView.swift */; };
		D9A81B1222AC92A300FF1754 /* EditMyPage.swift in Sources */ = {isa = PBXBuildFile; fileRef = D9A81B1122AC92A300FF1754 /* EditMyPage.swift */; };
		D9A81B1422AC9E8200FF1754 /* MyPageSummery.swift in Sources */ = {isa = PBXBuildFile; fileRef = D9A81B1322AC9E8200FF1754 /* MyPageSummery.swift */; };
		D9DFC1F122ACB2B50004D4A4 /* myfirststory.jpg in Resources */ = {isa = PBXBuildFile; fileRef = D9DFC1F022ACB2B50004D4A4 /* myfirststory.jpg */; };
		D9DFC1F322ACB4370004D4A4 /* SearchResult.swift in Sources */ = {isa = PBXBuildFile; fileRef = D9DFC1F222ACB4370004D4A4 /* SearchResult.swift */; };
		D9DFC1F522ACB4C60004D4A4 /* SearchResultRow.swift in Sources */ = {isa = PBXBuildFile; fileRef = D9DFC1F422ACB4C60004D4A4 /* SearchResultRow.swift */; };
		D9DFC1F822ACB4EA0004D4A4 /* ArtistDetail.swift in Sources */ = {isa = PBXBuildFile; fileRef = D9DFC1F722ACB4EA0004D4A4 /* ArtistDetail.swift */; };
		D9DFC1FA22ACC5DC0004D4A4 /* oneokrock.jpg in Resources */ = {isa = PBXBuildFile; fileRef = D9DFC1F922ACC5DC0004D4A4 /* oneokrock.jpg */; };
		D9DFC1FC22ACC68E0004D4A4 /* manwithamission.jpg in Resources */ = {isa = PBXBuildFile; fileRef = D9DFC1FB22ACC68E0004D4A4 /* manwithamission.jpg */; };
		D9DFC1FE22ACC77C0004D4A4 /* radwimps.jpg in Resources */ = {isa = PBXBuildFile; fileRef = D9DFC1FD22ACC77C0004D4A4 /* radwimps.jpg */; };
		D9DFC20022ACC7CD0004D4A4 /* ellegarden.jpg in Resources */ = {isa = PBXBuildFile; fileRef = D9DFC1FF22ACC7CD0004D4A4 /* ellegarden.jpg */; };
		D9DFC20222ACC8B50004D4A4 /* myhairisbad.jpg in Resources */ = {isa = PBXBuildFile; fileRef = D9DFC20122ACC8B50004D4A4 /* myhairisbad.jpg */; };
		D9DFC20422ACC95A0004D4A4 /* 04limitedsazabys.jpg in Resources */ = {isa = PBXBuildFile; fileRef = D9DFC20322ACC95A0004D4A4 /* 04limitedsazabys.jpg */; };
		D9DFC20622ACC9DA0004D4A4 /* theoralcigarettes.jpg in Resources */ = {isa = PBXBuildFile; fileRef = D9DFC20522ACC9DA0004D4A4 /* theoralcigarettes.jpg */; };
		D9DFC20822ACCA990004D4A4 /* ArtistInfo.swift in Sources */ = {isa = PBXBuildFile; fileRef = D9DFC20722ACCA990004D4A4 /* ArtistInfo.swift */; };
		D9DFC20B22ACD3DC0004D4A4 /* Home.swift in Sources */ = {isa = PBXBuildFile; fileRef = D9DFC20A22ACD3DC0004D4A4 /* Home.swift */; };
/* End PBXBuildFile section */

/* Begin PBXContainerItemProxy section */
		D925E74822ABA13500DE866D /* PBXContainerItemProxy */ = {
			isa = PBXContainerItemProxy;
			containerPortal = D925E72922ABA13400DE866D /* Project object */;
			proxyType = 1;
			remoteGlobalIDString = D925E73022ABA13400DE866D;
			remoteInfo = TwitterClone;
		};
		D925E75322ABA13500DE866D /* PBXContainerItemProxy */ = {
			isa = PBXContainerItemProxy;
			containerPortal = D925E72922ABA13400DE866D /* Project object */;
			proxyType = 1;
			remoteGlobalIDString = D925E73022ABA13400DE866D;
			remoteInfo = TwitterClone;
		};
/* End PBXContainerItemProxy section */

/* Begin PBXFileReference section */
		D918CBAA22ACA15E007DFEB5 /* EditItem.swift */ = {isa = PBXFileReference; lastKnownFileType = sourcecode.swift; path = EditItem.swift; sourceTree = "<group>"; };
		D918CBAC22ACAC23007DFEB5 /* Artist.swift */ = {isa = PBXFileReference; lastKnownFileType = sourcecode.swift; path = Artist.swift; sourceTree = "<group>"; };
		D918CBAE22ACADB4007DFEB5 /* Performance.swift */ = {isa = PBXFileReference; lastKnownFileType = sourcecode.swift; path = Performance.swift; sourceTree = "<group>"; };
		D918CBB022ACADCD007DFEB5 /* Location.swift */ = {isa = PBXFileReference; lastKnownFileType = sourcecode.swift; path = Location.swift; sourceTree = "<group>"; };
		D918CBB322ACB161007DFEB5 /* Search.swift */ = {isa = PBXFileReference; lastKnownFileType = sourcecode.swift; path = Search.swift; sourceTree = "<group>"; };
		D918CBB522ACB180007DFEB5 /* artists.json */ = {isa = PBXFileReference; lastKnownFileType = text.json; path = artists.json; sourceTree = "<group>"; };
		D925E73122ABA13400DE866D /* TwitterClone.app */ = {isa = PBXFileReference; explicitFileType = wrapper.application; includeInIndex = 0; path = TwitterClone.app; sourceTree = BUILT_PRODUCTS_DIR; };
		D925E73422ABA13400DE866D /* AppDelegate.swift */ = {isa = PBXFileReference; lastKnownFileType = sourcecode.swift; path = AppDelegate.swift; sourceTree = "<group>"; };
		D925E73622ABA13400DE866D /* SceneDelegate.swift */ = {isa = PBXFileReference; lastKnownFileType = sourcecode.swift; path = SceneDelegate.swift; sourceTree = "<group>"; };
		D925E73822ABA13400DE866D /* TweetDetail.swift */ = {isa = PBXFileReference; lastKnownFileType = sourcecode.swift; path = TweetDetail.swift; sourceTree = "<group>"; };
		D925E73A22ABA13500DE866D /* Assets.xcassets */ = {isa = PBXFileReference; lastKnownFileType = folder.assetcatalog; path = Assets.xcassets; sourceTree = "<group>"; };
		D925E73D22ABA13500DE866D /* Preview Assets.xcassets */ = {isa = PBXFileReference; lastKnownFileType = folder.assetcatalog; path = "Preview Assets.xcassets"; sourceTree = "<group>"; };
		D925E74022ABA13500DE866D /* Base */ = {isa = PBXFileReference; lastKnownFileType = file.storyboard; name = Base; path = Base.lproj/LaunchScreen.storyboard; sourceTree = "<group>"; };
		D925E74222ABA13500DE866D /* Info.plist */ = {isa = PBXFileReference; lastKnownFileType = text.plist.xml; path = Info.plist; sourceTree = "<group>"; };
		D925E74722ABA13500DE866D /* TwitterCloneTests.xctest */ = {isa = PBXFileReference; explicitFileType = wrapper.cfbundle; includeInIndex = 0; path = TwitterCloneTests.xctest; sourceTree = BUILT_PRODUCTS_DIR; };
		D925E74B22ABA13500DE866D /* TwitterCloneTests.swift */ = {isa = PBXFileReference; lastKnownFileType = sourcecode.swift; path = TwitterCloneTests.swift; sourceTree = "<group>"; };
		D925E74D22ABA13500DE866D /* Info.plist */ = {isa = PBXFileReference; lastKnownFileType = text.plist.xml; path = Info.plist; sourceTree = "<group>"; };
		D925E75222ABA13500DE866D /* TwitterCloneUITests.xctest */ = {isa = PBXFileReference; explicitFileType = wrapper.cfbundle; includeInIndex = 0; path = TwitterCloneUITests.xctest; sourceTree = BUILT_PRODUCTS_DIR; };
		D925E75622ABA13500DE866D /* TwitterCloneUITests.swift */ = {isa = PBXFileReference; lastKnownFileType = sourcecode.swift; path = TwitterCloneUITests.swift; sourceTree = "<group>"; };
		D925E75822ABA13500DE866D /* Info.plist */ = {isa = PBXFileReference; lastKnownFileType = text.plist.xml; path = Info.plist; sourceTree = "<group>"; };
		D925E76522ABA19F00DE866D /* Tweet.swift */ = {isa = PBXFileReference; lastKnownFileType = sourcecode.swift; path = Tweet.swift; sourceTree = "<group>"; };
		D925E76722ABA26700DE866D /* User.swift */ = {isa = PBXFileReference; lastKnownFileType = sourcecode.swift; path = User.swift; sourceTree = "<group>"; };
		D925E76922ABA30400DE866D /* Data.swift */ = {isa = PBXFileReference; lastKnownFileType = sourcecode.swift; path = Data.swift; sourceTree = "<group>"; };
		D925E76C22ABA47000DE866D /* tweets.json */ = {isa = PBXFileReference; fileEncoding = 4; lastKnownFileType = text.json; path = tweets.json; sourceTree = "<group>"; };
		D925E76D22ABA61A00DE866D /* avatar.jpg */ = {isa = PBXFileReference; lastKnownFileType = image.jpeg; name = avatar.jpg; path = ../../../../Downloads/avatar.jpg; sourceTree = "<group>"; };
		D925E76E22ABA61A00DE866D /* story.jpg */ = {isa = PBXFileReference; lastKnownFileType = image.jpeg; name = story.jpg; path = ../../../../Downloads/story.jpg; sourceTree = "<group>"; };
		D925E77222ABA84800DE866D /* CircleImage.swift */ = {isa = PBXFileReference; lastKnownFileType = sourcecode.swift; path = CircleImage.swift; sourceTree = "<group>"; };
		D925E77622ABAA5300DE866D /* UserData.swift */ = {isa = PBXFileReference; lastKnownFileType = sourcecode.swift; path = UserData.swift; sourceTree = "<group>"; };
		D925E77822ABAE5100DE866D /* TweetImage.swift */ = {isa = PBXFileReference; lastKnownFileType = sourcecode.swift; path = TweetImage.swift; sourceTree = "<group>"; };
		D9A81AF322ABC03B00FF1754 /* UserView.swift */ = {isa = PBXFileReference; lastKnownFileType = sourcecode.swift; path = UserView.swift; sourceTree = "<group>"; };
		D9A81AF522ABC04600FF1754 /* TweetView.swift */ = {isa = PBXFileReference; lastKnownFileType = sourcecode.swift; path = TweetView.swift; sourceTree = "<group>"; };
		D9A81AF722ABCCAE00FF1754 /* ActionBar.swift */ = {isa = PBXFileReference; lastKnownFileType = sourcecode.swift; path = ActionBar.swift; sourceTree = "<group>"; };
		D9A81AF922ABD6BE00FF1754 /* Timeline.swift */ = {isa = PBXFileReference; lastKnownFileType = sourcecode.swift; path = Timeline.swift; sourceTree = "<group>"; };
		D9A81AFB22ABD6D200FF1754 /* TimelineRow.swift */ = {isa = PBXFileReference; lastKnownFileType = sourcecode.swift; path = TimelineRow.swift; sourceTree = "<group>"; };
		D9A81AFD22AC7E7700FF1754 /* TweetButton.swift */ = {isa = PBXFileReference; lastKnownFileType = sourcecode.swift; path = TweetButton.swift; sourceTree = "<group>"; };
		D9A81AFF22AC7F2200FF1754 /* TweetItemsView.swift */ = {isa = PBXFileReference; lastKnownFileType = sourcecode.swift; path = TweetItemsView.swift; sourceTree = "<group>"; };
		D9A81B0122AC80A900FF1754 /* CreateTweet.swift */ = {isa = PBXFileReference; lastKnownFileType = sourcecode.swift; path = CreateTweet.swift; sourceTree = "<group>"; };
		D9A81B0722AC879400FF1754 /* MyPage.swift */ = {isa = PBXFileReference; lastKnownFileType = sourcecode.swift; path = MyPage.swift; sourceTree = "<group>"; };
		D9A81B0922AC87E800FF1754 /* Account.swift */ = {isa = PBXFileReference; lastKnownFileType = sourcecode.swift; path = Account.swift; sourceTree = "<group>"; };
		D9A81B0B22AC882400FF1754 /* account.json */ = {isa = PBXFileReference; lastKnownFileType = text.json; path = account.json; sourceTree = "<group>"; };
		D9A81B0E22AC8AC500FF1754 /* BackgroundView.swift */ = {isa = PBXFileReference; lastKnownFileType = sourcecode.swift; path = BackgroundView.swift; sourceTree = "<group>"; };
		D9A81B1122AC92A300FF1754 /* EditMyPage.swift */ = {isa = PBXFileReference; lastKnownFileType = sourcecode.swift; path = EditMyPage.swift; sourceTree = "<group>"; };
		D9A81B1322AC9E8200FF1754 /* MyPageSummery.swift */ = {isa = PBXFileReference; lastKnownFileType = sourcecode.swift; path = MyPageSummery.swift; sourceTree = "<group>"; };
		D9DFC1F022ACB2B50004D4A4 /* myfirststory.jpg */ = {isa = PBXFileReference; lastKnownFileType = image.jpeg; name = myfirststory.jpg; path = ../../../../Downloads/myfirststory.jpg; sourceTree = "<group>"; };
		D9DFC1F222ACB4370004D4A4 /* SearchResult.swift */ = {isa = PBXFileReference; lastKnownFileType = sourcecode.swift; path = SearchResult.swift; sourceTree = "<group>"; };
		D9DFC1F422ACB4C60004D4A4 /* SearchResultRow.swift */ = {isa = PBXFileReference; lastKnownFileType = sourcecode.swift; path = SearchResultRow.swift; sourceTree = "<group>"; };
		D9DFC1F722ACB4EA0004D4A4 /* ArtistDetail.swift */ = {isa = PBXFileReference; lastKnownFileType = sourcecode.swift; path = ArtistDetail.swift; sourceTree = "<group>"; };
		D9DFC1F922ACC5DC0004D4A4 /* oneokrock.jpg */ = {isa = PBXFileReference; lastKnownFileType = image.jpeg; name = oneokrock.jpg; path = ../../../../Downloads/oneokrock.jpg; sourceTree = "<group>"; };
		D9DFC1FB22ACC68E0004D4A4 /* manwithamission.jpg */ = {isa = PBXFileReference; lastKnownFileType = image.jpeg; name = manwithamission.jpg; path = ../../../../Downloads/manwithamission.jpg; sourceTree = "<group>"; };
		D9DFC1FD22ACC77C0004D4A4 /* radwimps.jpg */ = {isa = PBXFileReference; lastKnownFileType = image.jpeg; name = radwimps.jpg; path = ../../../../Downloads/radwimps.jpg; sourceTree = "<group>"; };
		D9DFC1FF22ACC7CD0004D4A4 /* ellegarden.jpg */ = {isa = PBXFileReference; lastKnownFileType = image.jpeg; name = ellegarden.jpg; path = ../../../../Downloads/ellegarden.jpg; sourceTree = "<group>"; };
		D9DFC20122ACC8B50004D4A4 /* myhairisbad.jpg */ = {isa = PBXFileReference; lastKnownFileType = image.jpeg; name = myhairisbad.jpg; path = ../../../../Downloads/myhairisbad.jpg; sourceTree = "<group>"; };
		D9DFC20322ACC95A0004D4A4 /* 04limitedsazabys.jpg */ = {isa = PBXFileReference; lastKnownFileType = image.jpeg; name = 04limitedsazabys.jpg; path = ../../../../Downloads/04limitedsazabys.jpg; sourceTree = "<group>"; };
		D9DFC20522ACC9DA0004D4A4 /* theoralcigarettes.jpg */ = {isa = PBXFileReference; lastKnownFileType = image.jpeg; name = theoralcigarettes.jpg; path = ../../../../Downloads/theoralcigarettes.jpg; sourceTree = "<group>"; };
		D9DFC20722ACCA990004D4A4 /* ArtistInfo.swift */ = {isa = PBXFileReference; lastKnownFileType = sourcecode.swift; path = ArtistInfo.swift; sourceTree = "<group>"; };
		D9DFC20A22ACD3DC0004D4A4 /* Home.swift */ = {isa = PBXFileReference; lastKnownFileType = sourcecode.swift; path = Home.swift; sourceTree = "<group>"; };
/* End PBXFileReference section */

/* Begin PBXFrameworksBuildPhase section */
		D925E72E22ABA13400DE866D /* Frameworks */ = {
			isa = PBXFrameworksBuildPhase;
			buildActionMask = 2147483647;
			files = (
			);
			runOnlyForDeploymentPostprocessing = 0;
		};
		D925E74422ABA13500DE866D /* Frameworks */ = {
			isa = PBXFrameworksBuildPhase;
			buildActionMask = 2147483647;
			files = (
			);
			runOnlyForDeploymentPostprocessing = 0;
		};
		D925E74F22ABA13500DE866D /* Frameworks */ = {
			isa = PBXFrameworksBuildPhase;
			buildActionMask = 2147483647;
			files = (
			);
			runOnlyForDeploymentPostprocessing = 0;
		};
/* End PBXFrameworksBuildPhase section */

/* Begin PBXGroup section */
		D918CBB222ACB141007DFEB5 /* Search */ = {
			isa = PBXGroup;
			children = (
				D918CBB322ACB161007DFEB5 /* Search.swift */,
				D9DFC1F222ACB4370004D4A4 /* SearchResult.swift */,
				D9DFC1F422ACB4C60004D4A4 /* SearchResultRow.swift */,
				D9DFC20722ACCA990004D4A4 /* ArtistInfo.swift */,
			);
			path = Search;
			sourceTree = "<group>";
		};
		D925E72822ABA13400DE866D = {
			isa = PBXGroup;
			children = (
				D925E73322ABA13400DE866D /* TwitterClone */,
				D925E74A22ABA13500DE866D /* TwitterCloneTests */,
				D925E75522ABA13500DE866D /* TwitterCloneUITests */,
				D925E73222ABA13400DE866D /* Products */,
			);
			sourceTree = "<group>";
		};
		D925E73222ABA13400DE866D /* Products */ = {
			isa = PBXGroup;
			children = (
				D925E73122ABA13400DE866D /* TwitterClone.app */,
				D925E74722ABA13500DE866D /* TwitterCloneTests.xctest */,
				D925E75222ABA13500DE866D /* TwitterCloneUITests.xctest */,
			);
			name = Products;
			sourceTree = "<group>";
		};
		D925E73322ABA13400DE866D /* TwitterClone */ = {
			isa = PBXGroup;
			children = (
				D9DFC20922ACD3CD0004D4A4 /* Home */,
				D9DFC1F622ACB4D90004D4A4 /* ArtistDetail */,
				D918CBB222ACB141007DFEB5 /* Search */,
				D9A81B0622AC877E00FF1754 /* MyPage */,
				D9A81B0522AC863800FF1754 /* CreateTweet */,
				D9A81B0422AC860400FF1754 /* TweetDetail */,
				D9A81B0322AC85CA00FF1754 /* Timeline */,
				D925E77122ABA83000DE866D /* Supporting Views */,
				D925E76B22ABA43C00DE866D /* Resources */,
				D925E76422ABA17800DE866D /* Models */,
				D925E73422ABA13400DE866D /* AppDelegate.swift */,
				D925E73622ABA13400DE866D /* SceneDelegate.swift */,
				D925E73A22ABA13500DE866D /* Assets.xcassets */,
				D925E73F22ABA13500DE866D /* LaunchScreen.storyboard */,
				D925E74222ABA13500DE866D /* Info.plist */,
				D925E73C22ABA13500DE866D /* Preview Content */,
			);
			path = TwitterClone;
			sourceTree = "<group>";
		};
		D925E73C22ABA13500DE866D /* Preview Content */ = {
			isa = PBXGroup;
			children = (
				D925E73D22ABA13500DE866D /* Preview Assets.xcassets */,
			);
			path = "Preview Content";
			sourceTree = "<group>";
		};
		D925E74A22ABA13500DE866D /* TwitterCloneTests */ = {
			isa = PBXGroup;
			children = (
				D925E74B22ABA13500DE866D /* TwitterCloneTests.swift */,
				D925E74D22ABA13500DE866D /* Info.plist */,
			);
			path = TwitterCloneTests;
			sourceTree = "<group>";
		};
		D925E75522ABA13500DE866D /* TwitterCloneUITests */ = {
			isa = PBXGroup;
			children = (
				D925E75622ABA13500DE866D /* TwitterCloneUITests.swift */,
				D925E75822ABA13500DE866D /* Info.plist */,
			);
			path = TwitterCloneUITests;
			sourceTree = "<group>";
		};
		D925E76422ABA17800DE866D /* Models */ = {
			isa = PBXGroup;
			children = (
				D925E76522ABA19F00DE866D /* Tweet.swift */,
				D925E76722ABA26700DE866D /* User.swift */,
				D925E76922ABA30400DE866D /* Data.swift */,
				D925E77622ABAA5300DE866D /* UserData.swift */,
				D9A81B0922AC87E800FF1754 /* Account.swift */,
				D918CBAC22ACAC23007DFEB5 /* Artist.swift */,
				D918CBB022ACADCD007DFEB5 /* Location.swift */,
				D918CBAE22ACADB4007DFEB5 /* Performance.swift */,
			);
			path = Models;
			sourceTree = "<group>";
		};
		D925E76B22ABA43C00DE866D /* Resources */ = {
			isa = PBXGroup;
			children = (
				D9DFC20522ACC9DA0004D4A4 /* theoralcigarettes.jpg */,
				D9DFC20322ACC95A0004D4A4 /* 04limitedsazabys.jpg */,
				D9DFC20122ACC8B50004D4A4 /* myhairisbad.jpg */,
				D9DFC1FF22ACC7CD0004D4A4 /* ellegarden.jpg */,
				D9DFC1FD22ACC77C0004D4A4 /* radwimps.jpg */,
				D9DFC1FB22ACC68E0004D4A4 /* manwithamission.jpg */,
				D9DFC1F922ACC5DC0004D4A4 /* oneokrock.jpg */,
				D9DFC1F022ACB2B50004D4A4 /* myfirststory.jpg */,
				D925E76D22ABA61A00DE866D /* avatar.jpg */,
				D925E76E22ABA61A00DE866D /* story.jpg */,
				D925E76C22ABA47000DE866D /* tweets.json */,
				D9A81B0B22AC882400FF1754 /* account.json */,
				D918CBB522ACB180007DFEB5 /* artists.json */,
			);
			path = Resources;
			sourceTree = "<group>";
		};
		D925E77122ABA83000DE866D /* Supporting Views */ = {
			isa = PBXGroup;
			children = (
				D925E77222ABA84800DE866D /* CircleImage.swift */,
				D925E77822ABAE5100DE866D /* TweetImage.swift */,
			);
			path = "Supporting Views";
			sourceTree = "<group>";
		};
		D9A81AF222ABC01600FF1754 /* TweetDetailItems */ = {
			isa = PBXGroup;
			children = (
				D9A81AF322ABC03B00FF1754 /* UserView.swift */,
				D9A81AF522ABC04600FF1754 /* TweetView.swift */,
				D9A81AF722ABCCAE00FF1754 /* ActionBar.swift */,
				D9A81AFF22AC7F2200FF1754 /* TweetItemsView.swift */,
			);
			path = TweetDetailItems;
			sourceTree = "<group>";
		};
		D9A81B0322AC85CA00FF1754 /* Timeline */ = {
			isa = PBXGroup;
			children = (
				D9A81AF922ABD6BE00FF1754 /* Timeline.swift */,
				D9A81AFB22ABD6D200FF1754 /* TimelineRow.swift */,
				D9A81AFD22AC7E7700FF1754 /* TweetButton.swift */,
			);
			path = Timeline;
			sourceTree = "<group>";
		};
		D9A81B0422AC860400FF1754 /* TweetDetail */ = {
			isa = PBXGroup;
			children = (
				D925E73822ABA13400DE866D /* TweetDetail.swift */,
				D9A81AF222ABC01600FF1754 /* TweetDetailItems */,
			);
			path = TweetDetail;
			sourceTree = "<group>";
		};
		D9A81B0522AC863800FF1754 /* CreateTweet */ = {
			isa = PBXGroup;
			children = (
				D9A81B0122AC80A900FF1754 /* CreateTweet.swift */,
			);
			path = CreateTweet;
			sourceTree = "<group>";
		};
		D9A81B0622AC877E00FF1754 /* MyPage */ = {
			isa = PBXGroup;
			children = (
				D9A81B0D22AC8AA800FF1754 /* MyPageItems */,
				D9A81B0722AC879400FF1754 /* MyPage.swift */,
			);
			path = MyPage;
			sourceTree = "<group>";
		};
		D9A81B0D22AC8AA800FF1754 /* MyPageItems */ = {
			isa = PBXGroup;
			children = (
				D9A81B0E22AC8AC500FF1754 /* BackgroundView.swift */,
				D9A81B1122AC92A300FF1754 /* EditMyPage.swift */,
				D9A81B1322AC9E8200FF1754 /* MyPageSummery.swift */,
				D918CBAA22ACA15E007DFEB5 /* EditItem.swift */,
			);
			path = MyPageItems;
			sourceTree = "<group>";
		};
		D9DFC1F622ACB4D90004D4A4 /* ArtistDetail */ = {
			isa = PBXGroup;
			children = (
				D9DFC1F722ACB4EA0004D4A4 /* ArtistDetail.swift */,
			);
			path = ArtistDetail;
			sourceTree = "<group>";
		};
		D9DFC20922ACD3CD0004D4A4 /* Home */ = {
			isa = PBXGroup;
			children = (
				D9DFC20A22ACD3DC0004D4A4 /* Home.swift */,
			);
			path = Home;
			sourceTree = "<group>";
		};
/* End PBXGroup section */

/* Begin PBXNativeTarget section */
		D925E73022ABA13400DE866D /* TwitterClone */ = {
			isa = PBXNativeTarget;
			buildConfigurationList = D925E75B22ABA13500DE866D /* Build configuration list for PBXNativeTarget "TwitterClone" */;
			buildPhases = (
				D925E72D22ABA13400DE866D /* Sources */,
				D925E72E22ABA13400DE866D /* Frameworks */,
				D925E72F22ABA13400DE866D /* Resources */,
			);
			buildRules = (
			);
			dependencies = (
			);
			name = TwitterClone;
			productName = TwitterClone;
			productReference = D925E73122ABA13400DE866D /* TwitterClone.app */;
			productType = "com.apple.product-type.application";
		};
		D925E74622ABA13500DE866D /* TwitterCloneTests */ = {
			isa = PBXNativeTarget;
			buildConfigurationList = D925E75E22ABA13500DE866D /* Build configuration list for PBXNativeTarget "TwitterCloneTests" */;
			buildPhases = (
				D925E74322ABA13500DE866D /* Sources */,
				D925E74422ABA13500DE866D /* Frameworks */,
				D925E74522ABA13500DE866D /* Resources */,
			);
			buildRules = (
			);
			dependencies = (
				D925E74922ABA13500DE866D /* PBXTargetDependency */,
			);
			name = TwitterCloneTests;
			productName = TwitterCloneTests;
			productReference = D925E74722ABA13500DE866D /* TwitterCloneTests.xctest */;
			productType = "com.apple.product-type.bundle.unit-test";
		};
		D925E75122ABA13500DE866D /* TwitterCloneUITests */ = {
			isa = PBXNativeTarget;
			buildConfigurationList = D925E76122ABA13500DE866D /* Build configuration list for PBXNativeTarget "TwitterCloneUITests" */;
			buildPhases = (
				D925E74E22ABA13500DE866D /* Sources */,
				D925E74F22ABA13500DE866D /* Frameworks */,
				D925E75022ABA13500DE866D /* Resources */,
			);
			buildRules = (
			);
			dependencies = (
				D925E75422ABA13500DE866D /* PBXTargetDependency */,
			);
			name = TwitterCloneUITests;
			productName = TwitterCloneUITests;
			productReference = D925E75222ABA13500DE866D /* TwitterCloneUITests.xctest */;
			productType = "com.apple.product-type.bundle.ui-testing";
		};
/* End PBXNativeTarget section */

/* Begin PBXProject section */
		D925E72922ABA13400DE866D /* Project object */ = {
			isa = PBXProject;
			attributes = {
				LastSwiftUpdateCheck = 1100;
				LastUpgradeCheck = 1100;
				ORGANIZATIONNAME = "Masato TSUTSUMI";
				TargetAttributes = {
					D925E73022ABA13400DE866D = {
						CreatedOnToolsVersion = 11.0;
					};
					D925E74622ABA13500DE866D = {
						CreatedOnToolsVersion = 11.0;
						TestTargetID = D925E73022ABA13400DE866D;
					};
					D925E75122ABA13500DE866D = {
						CreatedOnToolsVersion = 11.0;
						TestTargetID = D925E73022ABA13400DE866D;
					};
				};
			};
			buildConfigurationList = D925E72C22ABA13400DE866D /* Build configuration list for PBXProject "TwitterClone" */;
			compatibilityVersion = "Xcode 9.3";
			developmentRegion = en;
			hasScannedForEncodings = 0;
			knownRegions = (
				en,
				Base,
			);
			mainGroup = D925E72822ABA13400DE866D;
			productRefGroup = D925E73222ABA13400DE866D /* Products */;
			projectDirPath = "";
			projectRoot = "";
			targets = (
				D925E73022ABA13400DE866D /* TwitterClone */,
				D925E74622ABA13500DE866D /* TwitterCloneTests */,
				D925E75122ABA13500DE866D /* TwitterCloneUITests */,
			);
		};
/* End PBXProject section */

/* Begin PBXResourcesBuildPhase section */
		D925E72F22ABA13400DE866D /* Resources */ = {
			isa = PBXResourcesBuildPhase;
			buildActionMask = 2147483647;
			files = (
				D925E76F22ABA61A00DE866D /* avatar.jpg in Resources */,
				D9DFC20222ACC8B50004D4A4 /* myhairisbad.jpg in Resources */,
				D9DFC1FA22ACC5DC0004D4A4 /* oneokrock.jpg in Resources */,
				D925E77522ABA9D800DE866D /* tweets.json in Resources */,
				D9DFC1FC22ACC68E0004D4A4 /* manwithamission.jpg in Resources */,
				D9DFC1F122ACB2B50004D4A4 /* myfirststory.jpg in Resources */,
				D925E74122ABA13500DE866D /* LaunchScreen.storyboard in Resources */,
				D9DFC1FE22ACC77C0004D4A4 /* radwimps.jpg in Resources */,
				D925E77022ABA61A00DE866D /* story.jpg in Resources */,
				D925E73E22ABA13500DE866D /* Preview Assets.xcassets in Resources */,
				D9DFC20422ACC95A0004D4A4 /* 04limitedsazabys.jpg in Resources */,
				D9A81B0C22AC89C500FF1754 /* account.json in Resources */,
				D918CBB622ACB18E007DFEB5 /* artists.json in Resources */,
				D925E73B22ABA13500DE866D /* Assets.xcassets in Resources */,
				D9DFC20622ACC9DA0004D4A4 /* theoralcigarettes.jpg in Resources */,
				D9DFC20022ACC7CD0004D4A4 /* ellegarden.jpg in Resources */,
			);
			runOnlyForDeploymentPostprocessing = 0;
		};
		D925E74522ABA13500DE866D /* Resources */ = {
			isa = PBXResourcesBuildPhase;
			buildActionMask = 2147483647;
			files = (
			);
			runOnlyForDeploymentPostprocessing = 0;
		};
		D925E75022ABA13500DE866D /* Resources */ = {
			isa = PBXResourcesBuildPhase;
			buildActionMask = 2147483647;
			files = (
			);
			runOnlyForDeploymentPostprocessing = 0;
		};
/* End PBXResourcesBuildPhase section */

/* Begin PBXSourcesBuildPhase section */
		D925E72D22ABA13400DE866D /* Sources */ = {
			isa = PBXSourcesBuildPhase;
			buildActionMask = 2147483647;
			files = (
				D925E73522ABA13400DE866D /* AppDelegate.swift in Sources */,
				D9DFC1F822ACB4EA0004D4A4 /* ArtistDetail.swift in Sources */,
				D925E77922ABAE5100DE866D /* TweetImage.swift in Sources */,
				D925E76A22ABA30400DE866D /* Data.swift in Sources */,
				D9DFC1F522ACB4C60004D4A4 /* SearchResultRow.swift in Sources */,
				D925E77722ABAA5300DE866D /* UserData.swift in Sources */,
				D9A81B0222AC80A900FF1754 /* CreateTweet.swift in Sources */,
				D925E73722ABA13400DE866D /* SceneDelegate.swift in Sources */,
				D918CBB122ACADCD007DFEB5 /* Location.swift in Sources */,
				D918CBAF22ACADB4007DFEB5 /* Performance.swift in Sources */,
				D918CBAD22ACAC23007DFEB5 /* Artist.swift in Sources */,
				D918CBB422ACB161007DFEB5 /* Search.swift in Sources */,
				D9A81B0022AC7F2200FF1754 /* TweetItemsView.swift in Sources */,
				D9A81AF822ABCCAE00FF1754 /* ActionBar.swift in Sources */,
				D9DFC20B22ACD3DC0004D4A4 /* Home.swift in Sources */,
				D9A81B0822AC879400FF1754 /* MyPage.swift in Sources */,
				D9A81B1422AC9E8200FF1754 /* MyPageSummery.swift in Sources */,
				D918CBAB22ACA15E007DFEB5 /* EditItem.swift in Sources */,
				D925E76622ABA19F00DE866D /* Tweet.swift in Sources */,
				D9A81B0F22AC8AC500FF1754 /* BackgroundView.swift in Sources */,
				D9A81AF622ABC04600FF1754 /* TweetView.swift in Sources */,
				D925E76822ABA26700DE866D /* User.swift in Sources */,
				D9A81AFE22AC7E7700FF1754 /* TweetButton.swift in Sources */,
				D9A81AF422ABC03B00FF1754 /* UserView.swift in Sources */,
				D9A81B1222AC92A300FF1754 /* EditMyPage.swift in Sources */,
				D9DFC1F322ACB4370004D4A4 /* SearchResult.swift in Sources */,
				D9A81AFA22ABD6BE00FF1754 /* Timeline.swift in Sources */,
				D9DFC20822ACCA990004D4A4 /* ArtistInfo.swift in Sources */,
				D9A81AFC22ABD6D200FF1754 /* TimelineRow.swift in Sources */,
				D925E77322ABA84800DE866D /* CircleImage.swift in Sources */,
				D9A81B0A22AC87E800FF1754 /* Account.swift in Sources */,
				D925E73922ABA13400DE866D /* TweetDetail.swift in Sources */,
			);
			runOnlyForDeploymentPostprocessing = 0;
		};
		D925E74322ABA13500DE866D /* Sources */ = {
			isa = PBXSourcesBuildPhase;
			buildActionMask = 2147483647;
			files = (
				D925E74C22ABA13500DE866D /* TwitterCloneTests.swift in Sources */,
			);
			runOnlyForDeploymentPostprocessing = 0;
		};
		D925E74E22ABA13500DE866D /* Sources */ = {
			isa = PBXSourcesBuildPhase;
			buildActionMask = 2147483647;
			files = (
				D925E75722ABA13500DE866D /* TwitterCloneUITests.swift in Sources */,
			);
			runOnlyForDeploymentPostprocessing = 0;
		};
/* End PBXSourcesBuildPhase section */

/* Begin PBXTargetDependency section */
		D925E74922ABA13500DE866D /* PBXTargetDependency */ = {
			isa = PBXTargetDependency;
			target = D925E73022ABA13400DE866D /* TwitterClone */;
			targetProxy = D925E74822ABA13500DE866D /* PBXContainerItemProxy */;
		};
		D925E75422ABA13500DE866D /* PBXTargetDependency */ = {
			isa = PBXTargetDependency;
			target = D925E73022ABA13400DE866D /* TwitterClone */;
			targetProxy = D925E75322ABA13500DE866D /* PBXContainerItemProxy */;
		};
/* End PBXTargetDependency section */

/* Begin PBXVariantGroup section */
		D925E73F22ABA13500DE866D /* LaunchScreen.storyboard */ = {
			isa = PBXVariantGroup;
			children = (
				D925E74022ABA13500DE866D /* Base */,
			);
			name = LaunchScreen.storyboard;
			sourceTree = "<group>";
		};
/* End PBXVariantGroup section */

/* Begin XCBuildConfiguration section */
		D925E75922ABA13500DE866D /* Debug */ = {
			isa = XCBuildConfiguration;
			buildSettings = {
				ALWAYS_SEARCH_USER_PATHS = NO;
				CLANG_ANALYZER_NONNULL = YES;
				CLANG_ANALYZER_NUMBER_OBJECT_CONVERSION = YES_AGGRESSIVE;
				CLANG_CXX_LANGUAGE_STANDARD = "gnu++14";
				CLANG_CXX_LIBRARY = "libc++";
				CLANG_ENABLE_MODULES = YES;
				CLANG_ENABLE_OBJC_ARC = YES;
				CLANG_ENABLE_OBJC_WEAK = YES;
				CLANG_WARN_BLOCK_CAPTURE_AUTORELEASING = YES;
				CLANG_WARN_BOOL_CONVERSION = YES;
				CLANG_WARN_COMMA = YES;
				CLANG_WARN_CONSTANT_CONVERSION = YES;
				CLANG_WARN_DEPRECATED_OBJC_IMPLEMENTATIONS = YES;
				CLANG_WARN_DIRECT_OBJC_ISA_USAGE = YES_ERROR;
				CLANG_WARN_DOCUMENTATION_COMMENTS = YES;
				CLANG_WARN_EMPTY_BODY = YES;
				CLANG_WARN_ENUM_CONVERSION = YES;
				CLANG_WARN_INFINITE_RECURSION = YES;
				CLANG_WARN_INT_CONVERSION = YES;
				CLANG_WARN_NON_LITERAL_NULL_CONVERSION = YES;
				CLANG_WARN_OBJC_IMPLICIT_RETAIN_SELF = YES;
				CLANG_WARN_OBJC_LITERAL_CONVERSION = YES;
				CLANG_WARN_OBJC_ROOT_CLASS = YES_ERROR;
				CLANG_WARN_RANGE_LOOP_ANALYSIS = YES;
				CLANG_WARN_STRICT_PROTOTYPES = YES;
				CLANG_WARN_SUSPICIOUS_MOVE = YES;
				CLANG_WARN_UNGUARDED_AVAILABILITY = YES_AGGRESSIVE;
				CLANG_WARN_UNREACHABLE_CODE = YES;
				CLANG_WARN__DUPLICATE_METHOD_MATCH = YES;
				COPY_PHASE_STRIP = NO;
				DEBUG_INFORMATION_FORMAT = dwarf;
				ENABLE_STRICT_OBJC_MSGSEND = YES;
				ENABLE_TESTABILITY = YES;
				GCC_C_LANGUAGE_STANDARD = gnu11;
				GCC_DYNAMIC_NO_PIC = NO;
				GCC_NO_COMMON_BLOCKS = YES;
				GCC_OPTIMIZATION_LEVEL = 0;
				GCC_PREPROCESSOR_DEFINITIONS = (
					"DEBUG=1",
					"$(inherited)",
				);
				GCC_WARN_64_TO_32_BIT_CONVERSION = YES;
				GCC_WARN_ABOUT_RETURN_TYPE = YES_ERROR;
				GCC_WARN_UNDECLARED_SELECTOR = YES;
				GCC_WARN_UNINITIALIZED_AUTOS = YES_AGGRESSIVE;
				GCC_WARN_UNUSED_FUNCTION = YES;
				GCC_WARN_UNUSED_VARIABLE = YES;
				IPHONEOS_DEPLOYMENT_TARGET = 13.0;
				MTL_ENABLE_DEBUG_INFO = INCLUDE_SOURCE;
				MTL_FAST_MATH = YES;
				ONLY_ACTIVE_ARCH = YES;
				SDKROOT = iphoneos;
				SWIFT_ACTIVE_COMPILATION_CONDITIONS = DEBUG;
				SWIFT_OPTIMIZATION_LEVEL = "-Onone";
			};
			name = Debug;
		};
		D925E75A22ABA13500DE866D /* Release */ = {
			isa = XCBuildConfiguration;
			buildSettings = {
				ALWAYS_SEARCH_USER_PATHS = NO;
				CLANG_ANALYZER_NONNULL = YES;
				CLANG_ANALYZER_NUMBER_OBJECT_CONVERSION = YES_AGGRESSIVE;
				CLANG_CXX_LANGUAGE_STANDARD = "gnu++14";
				CLANG_CXX_LIBRARY = "libc++";
				CLANG_ENABLE_MODULES = YES;
				CLANG_ENABLE_OBJC_ARC = YES;
				CLANG_ENABLE_OBJC_WEAK = YES;
				CLANG_WARN_BLOCK_CAPTURE_AUTORELEASING = YES;
				CLANG_WARN_BOOL_CONVERSION = YES;
				CLANG_WARN_COMMA = YES;
				CLANG_WARN_CONSTANT_CONVERSION = YES;
				CLANG_WARN_DEPRECATED_OBJC_IMPLEMENTATIONS = YES;
				CLANG_WARN_DIRECT_OBJC_ISA_USAGE = YES_ERROR;
				CLANG_WARN_DOCUMENTATION_COMMENTS = YES;
				CLANG_WARN_EMPTY_BODY = YES;
				CLANG_WARN_ENUM_CONVERSION = YES;
				CLANG_WARN_INFINITE_RECURSION = YES;
				CLANG_WARN_INT_CONVERSION = YES;
				CLANG_WARN_NON_LITERAL_NULL_CONVERSION = YES;
				CLANG_WARN_OBJC_IMPLICIT_RETAIN_SELF = YES;
				CLANG_WARN_OBJC_LITERAL_CONVERSION = YES;
				CLANG_WARN_OBJC_ROOT_CLASS = YES_ERROR;
				CLANG_WARN_RANGE_LOOP_ANALYSIS = YES;
				CLANG_WARN_STRICT_PROTOTYPES = YES;
				CLANG_WARN_SUSPICIOUS_MOVE = YES;
				CLANG_WARN_UNGUARDED_AVAILABILITY = YES_AGGRESSIVE;
				CLANG_WARN_UNREACHABLE_CODE = YES;
				CLANG_WARN__DUPLICATE_METHOD_MATCH = YES;
				COPY_PHASE_STRIP = NO;
				DEBUG_INFORMATION_FORMAT = "dwarf-with-dsym";
				ENABLE_NS_ASSERTIONS = NO;
				ENABLE_STRICT_OBJC_MSGSEND = YES;
				GCC_C_LANGUAGE_STANDARD = gnu11;
				GCC_NO_COMMON_BLOCKS = YES;
				GCC_WARN_64_TO_32_BIT_CONVERSION = YES;
				GCC_WARN_ABOUT_RETURN_TYPE = YES_ERROR;
				GCC_WARN_UNDECLARED_SELECTOR = YES;
				GCC_WARN_UNINITIALIZED_AUTOS = YES_AGGRESSIVE;
				GCC_WARN_UNUSED_FUNCTION = YES;
				GCC_WARN_UNUSED_VARIABLE = YES;
				IPHONEOS_DEPLOYMENT_TARGET = 13.0;
				MTL_ENABLE_DEBUG_INFO = NO;
				MTL_FAST_MATH = YES;
				SDKROOT = iphoneos;
				SWIFT_COMPILATION_MODE = wholemodule;
				SWIFT_OPTIMIZATION_LEVEL = "-O";
				VALIDATE_PRODUCT = YES;
			};
			name = Release;
		};
		D925E75C22ABA13500DE866D /* Debug */ = {
			isa = XCBuildConfiguration;
			buildSettings = {
				ASSETCATALOG_COMPILER_APPICON_NAME = AppIcon;
				CODE_SIGN_STYLE = Automatic;
				DEVELOPMENT_ASSET_PATHS = "TwitterClone/Preview\\ Content";
				ENABLE_PREVIEWS = YES;
				INFOPLIST_FILE = TwitterClone/Info.plist;
				LD_RUNPATH_SEARCH_PATHS = (
					"$(inherited)",
					"@executable_path/Frameworks",
				);
				PRODUCT_BUNDLE_IDENTIFIER = masatsch.TwitterClone;
				PRODUCT_NAME = "$(TARGET_NAME)";
				SWIFT_VERSION = 5.0;
				TARGETED_DEVICE_FAMILY = "1,2";
			};
			name = Debug;
		};
		D925E75D22ABA13500DE866D /* Release */ = {
			isa = XCBuildConfiguration;
			buildSettings = {
				ASSETCATALOG_COMPILER_APPICON_NAME = AppIcon;
				CODE_SIGN_STYLE = Automatic;
				DEVELOPMENT_ASSET_PATHS = "TwitterClone/Preview\\ Content";
				ENABLE_PREVIEWS = YES;
				INFOPLIST_FILE = TwitterClone/Info.plist;
				LD_RUNPATH_SEARCH_PATHS = (
					"$(inherited)",
					"@executable_path/Frameworks",
				);
				PRODUCT_BUNDLE_IDENTIFIER = masatsch.TwitterClone;
				PRODUCT_NAME = "$(TARGET_NAME)";
				SWIFT_VERSION = 5.0;
				TARGETED_DEVICE_FAMILY = "1,2";
			};
			name = Release;
		};
		D925E75F22ABA13500DE866D /* Debug */ = {
			isa = XCBuildConfiguration;
			buildSettings = {
				ALWAYS_EMBED_SWIFT_STANDARD_LIBRARIES = YES;
				BUNDLE_LOADER = "$(TEST_HOST)";
				CODE_SIGN_STYLE = Automatic;
				INFOPLIST_FILE = TwitterCloneTests/Info.plist;
				LD_RUNPATH_SEARCH_PATHS = (
					"$(inherited)",
					"@executable_path/Frameworks",
					"@loader_path/Frameworks",
				);
				PRODUCT_BUNDLE_IDENTIFIER = masatsch.TwitterCloneTests;
				PRODUCT_NAME = "$(TARGET_NAME)";
				SWIFT_VERSION = 5.0;
				TARGETED_DEVICE_FAMILY = "1,2";
				TEST_HOST = "$(BUILT_PRODUCTS_DIR)/TwitterClone.app/TwitterClone";
			};
			name = Debug;
		};
		D925E76022ABA13500DE866D /* Release */ = {
			isa = XCBuildConfiguration;
			buildSettings = {
				ALWAYS_EMBED_SWIFT_STANDARD_LIBRARIES = YES;
				BUNDLE_LOADER = "$(TEST_HOST)";
				CODE_SIGN_STYLE = Automatic;
				INFOPLIST_FILE = TwitterCloneTests/Info.plist;
				LD_RUNPATH_SEARCH_PATHS = (
					"$(inherited)",
					"@executable_path/Frameworks",
					"@loader_path/Frameworks",
				);
				PRODUCT_BUNDLE_IDENTIFIER = masatsch.TwitterCloneTests;
				PRODUCT_NAME = "$(TARGET_NAME)";
				SWIFT_VERSION = 5.0;
				TARGETED_DEVICE_FAMILY = "1,2";
				TEST_HOST = "$(BUILT_PRODUCTS_DIR)/TwitterClone.app/TwitterClone";
			};
			name = Release;
		};
		D925E76222ABA13500DE866D /* Debug */ = {
			isa = XCBuildConfiguration;
			buildSettings = {
				ALWAYS_EMBED_SWIFT_STANDARD_LIBRARIES = YES;
				CODE_SIGN_STYLE = Automatic;
				INFOPLIST_FILE = TwitterCloneUITests/Info.plist;
				LD_RUNPATH_SEARCH_PATHS = (
					"$(inherited)",
					"@executable_path/Frameworks",
					"@loader_path/Frameworks",
				);
				PRODUCT_BUNDLE_IDENTIFIER = masatsch.TwitterCloneUITests;
				PRODUCT_NAME = "$(TARGET_NAME)";
				SWIFT_VERSION = 5.0;
				TARGETED_DEVICE_FAMILY = "1,2";
				TEST_TARGET_NAME = TwitterClone;
			};
			name = Debug;
		};
		D925E76322ABA13500DE866D /* Release */ = {
			isa = XCBuildConfiguration;
			buildSettings = {
				ALWAYS_EMBED_SWIFT_STANDARD_LIBRARIES = YES;
				CODE_SIGN_STYLE = Automatic;
				INFOPLIST_FILE = TwitterCloneUITests/Info.plist;
				LD_RUNPATH_SEARCH_PATHS = (
					"$(inherited)",
					"@executable_path/Frameworks",
					"@loader_path/Frameworks",
				);
				PRODUCT_BUNDLE_IDENTIFIER = masatsch.TwitterCloneUITests;
				PRODUCT_NAME = "$(TARGET_NAME)";
				SWIFT_VERSION = 5.0;
				TARGETED_DEVICE_FAMILY = "1,2";
				TEST_TARGET_NAME = TwitterClone;
			};
			name = Release;
		};
/* End XCBuildConfiguration section */

/* Begin XCConfigurationList section */
		D925E72C22ABA13400DE866D /* Build configuration list for PBXProject "TwitterClone" */ = {
			isa = XCConfigurationList;
			buildConfigurations = (
				D925E75922ABA13500DE866D /* Debug */,
				D925E75A22ABA13500DE866D /* Release */,
			);
			defaultConfigurationIsVisible = 0;
			defaultConfigurationName = Release;
		};
		D925E75B22ABA13500DE866D /* Build configuration list for PBXNativeTarget "TwitterClone" */ = {
			isa = XCConfigurationList;
			buildConfigurations = (
				D925E75C22ABA13500DE866D /* Debug */,
				D925E75D22ABA13500DE866D /* Release */,
			);
			defaultConfigurationIsVisible = 0;
			defaultConfigurationName = Release;
		};
		D925E75E22ABA13500DE866D /* Build configuration list for PBXNativeTarget "TwitterCloneTests" */ = {
			isa = XCConfigurationList;
			buildConfigurations = (
				D925E75F22ABA13500DE866D /* Debug */,
				D925E76022ABA13500DE866D /* Release */,
			);
			defaultConfigurationIsVisible = 0;
			defaultConfigurationName = Release;
		};
		D925E76122ABA13500DE866D /* Build configuration list for PBXNativeTarget "TwitterCloneUITests" */ = {
			isa = XCConfigurationList;
			buildConfigurations = (
				D925E76222ABA13500DE866D /* Debug */,
				D925E76322ABA13500DE866D /* Release */,
			);
			defaultConfigurationIsVisible = 0;
			defaultConfigurationName = Release;
		};
/* End XCConfigurationList section */
	};
	rootObject = D925E72922ABA13400DE866D /* Project object */;
}
